
Microsoft Visual Studio Solution File, Format Version 12.00
# Visual Studio Version 17
VisualStudioVersion = 17.3.32825.248
MinimumVisualStudioVersion = 10.0.40219.1
Project("{9A19103F-16F7-4668-BE54-9A1E7A4F7556}") = "TaskLibrary", "TaskLibrary\TaskLibrary.csproj", "{277DC43C-E481-4740-9D34-E131380E3CA2}"
EndProject
Project("{9A19103F-16F7-4668-BE54-9A1E7A4F7556}") = "TaskLibrary.UnitTests", "TaskLibrary.UnitTests\TaskLibrary.UnitTests.csproj", "{1775FDCC-3B2E-4263-887F-21B648377A1B}"
EndProject
Project("{2150E333-8FDC-42A3-9474-1A3956D46DE8}") = "Элементы решения", "Элементы решения", "{2B6D3CE3-7DD4-47AD-935E-971A59B4ABC0}"
	ProjectSection(SolutionItems) = preProject
		SqlQuery.sql = SqlQuery.sql
	EndProjectSection
EndProject
Global
	GlobalSection(SolutionConfigurationPlatforms) = preSolution
		Debug|Any CPU = Debug|Any CPU
		Release|Any CPU = Release|Any CPU
	EndGlobalSection
	GlobalSection(ProjectConfigurationPlatforms) = postSolution
		{277DC43C-E481-4740-9D34-E131380E3CA2}.Debug|Any CPU.ActiveCfg = Debug|Any CPU
		{277DC43C-E481-4740-9D34-E131380E3CA2}.Debug|Any CPU.Build.0 = Debug|Any CPU
		{277DC43C-E481-4740-9D34-E131380E3CA2}.Release|Any CPU.ActiveCfg = Release|Any CPU
		{277DC43C-E481-4740-9D34-E131380E3CA2}.Release|Any CPU.Build.0 = Release|Any CPU
		{1775FDCC-3B2E-4263-887F-21B648377A1B}.Debug|Any CPU.ActiveCfg = Debug|Any CPU
		{1775FDCC-3B2E-4263-887F-21B648377A1B}.Debug|Any CPU.Build.0 = Debug|Any CPU
		{1775FDCC-3B2E-4263-887F-21B648377A1B}.Release|Any CPU.ActiveCfg = Release|Any CPU
		{1775FDCC-3B2E-4263-887F-21B648377A1B}.Release|Any CPU.Build.0 = Release|Any CPU
	EndGlobalSection
	GlobalSection(SolutionProperties) = preSolution
		HideSolutionNode = FALSE
	EndGlobalSection
	GlobalSection(ExtensibilityGlobals) = postSolution
		SolutionGuid = {06D7B75E-37B4-409D-A37A-F7C907EB82F0}
	EndGlobalSection
EndGlobal
